
Microsoft Visual Studio Solution File, Format Version 12.00
# Visual Studio Version 17
VisualStudioVersion = 17.4.33122.133
MinimumVisualStudioVersion = 10.0.40219.1
Project("{FAE04EC0-301F-11D3-BF4B-00C04F79EFBC}") = "Corndog", "Corndog\Corndog.csproj", "{908EA5EC-64D6-4885-8209-0ACC48BB23AA}"
EndProject
Global
	GlobalSection(SolutionConfigurationPlatforms) = preSolution
		Debug|Any CPU = Debug|Any CPU
		Release|Any CPU = Release|Any CPU
	EndGlobalSection
	GlobalSection(ProjectConfigurationPlatforms) = postSolution
		{908EA5EC-64D6-4885-8209-0ACC48BB23AA}.Debug|Any CPU.ActiveCfg = Debug|Any CPU
		{908EA5EC-64D6-4885-8209-0ACC48BB23AA}.Debug|Any CPU.Build.0 = Debug|Any CPU
		{908EA5EC-64D6-4885-8209-0ACC48BB23AA}.Release|Any CPU.ActiveCfg = Release|Any CPU
		{908EA5EC-64D6-4885-8209-0ACC48BB23AA}.Release|Any CPU.Build.0 = Release|Any CPU
	EndGlobalSection
	GlobalSection(SolutionProperties) = preSolution
		HideSolutionNode = FALSE
	EndGlobalSection
	GlobalSection(ExtensibilityGlobals) = postSolution
		SolutionGuid = {85CD5253-20DD-44B5-8A9D-AD05E7BB2758}
	EndGlobalSection
EndGlobal
